
Microsoft Visual Studio Solution File, Format Version 12.00
# Visual Studio Version 17
VisualStudioVersion = 17.9.34622.214
MinimumVisualStudioVersion = 10.0.40219.1
Project("{9A19103F-16F7-4668-BE54-9A1E7A4F7556}") = "ConTest2", "ConTest2\ConTest2.csproj", "{E600BBCC-1829-4212-94F2-D3239AE15CAD}"
EndProject
Project("{9A19103F-16F7-4668-BE54-9A1E7A4F7556}") = "ConnZK", "ConnZK\ConnZK.csproj", "{9AC72C87-05CE-4EBF-86D3-433B77F0C407}"
EndProject
Global
	GlobalSection(SolutionConfigurationPlatforms) = preSolution
		Debug|Any CPU = Debug|Any CPU
		Debug|x86 = Debug|x86
		Release|Any CPU = Release|Any CPU
		Release|x86 = Release|x86
	EndGlobalSection
	GlobalSection(ProjectConfigurationPlatforms) = postSolution
		{E600BBCC-1829-4212-94F2-D3239AE15CAD}.Debug|Any CPU.ActiveCfg = Debug|Any CPU
		{E600BBCC-1829-4212-94F2-D3239AE15CAD}.Debug|x86.ActiveCfg = Debug|Any CPU
		{E600BBCC-1829-4212-94F2-D3239AE15CAD}.Debug|x86.Build.0 = Debug|Any CPU
		{E600BBCC-1829-4212-94F2-D3239AE15CAD}.Release|Any CPU.ActiveCfg = Release|Any CPU
		{E600BBCC-1829-4212-94F2-D3239AE15CAD}.Release|x86.ActiveCfg = Release|Any CPU
		{E600BBCC-1829-4212-94F2-D3239AE15CAD}.Release|x86.Build.0 = Release|Any CPU
		{9AC72C87-05CE-4EBF-86D3-433B77F0C407}.Debug|Any CPU.ActiveCfg = Debug|Any CPU
		{9AC72C87-05CE-4EBF-86D3-433B77F0C407}.Debug|Any CPU.Build.0 = Debug|Any CPU
		{9AC72C87-05CE-4EBF-86D3-433B77F0C407}.Debug|x86.ActiveCfg = Debug|Any CPU
		{9AC72C87-05CE-4EBF-86D3-433B77F0C407}.Debug|x86.Build.0 = Debug|Any CPU
		{9AC72C87-05CE-4EBF-86D3-433B77F0C407}.Release|Any CPU.ActiveCfg = Release|Any CPU
		{9AC72C87-05CE-4EBF-86D3-433B77F0C407}.Release|Any CPU.Build.0 = Release|Any CPU
		{9AC72C87-05CE-4EBF-86D3-433B77F0C407}.Release|x86.ActiveCfg = Release|Any CPU
		{9AC72C87-05CE-4EBF-86D3-433B77F0C407}.Release|x86.Build.0 = Release|Any CPU
	EndGlobalSection
	GlobalSection(SolutionProperties) = preSolution
		HideSolutionNode = FALSE
	EndGlobalSection
	GlobalSection(ExtensibilityGlobals) = postSolution
		SolutionGuid = {2B600B65-E8E5-4DE7-88B4-EA5498B35FA9}
	EndGlobalSection
EndGlobal
